
Microsoft Visual Studio Solution File, Format Version 12.00
# Visual Studio Version 16
VisualStudioVersion = 16.0.33529.622
MinimumVisualStudioVersion = 10.0.40219.1
Project("{FAE04EC0-301F-11D3-BF4B-00C04F79EFBC}") = "OperatorsAssignment", "OperatorsAssignment\OperatorsAssignment.csproj", "{8D25BD68-96EF-49D4-AC75-85E6423DA841}"
EndProject
Global
	GlobalSection(SolutionConfigurationPlatforms) = preSolution
		Debug|Any CPU = Debug|Any CPU
		Release|Any CPU = Release|Any CPU
	EndGlobalSection
	GlobalSection(ProjectConfigurationPlatforms) = postSolution
		{8D25BD68-96EF-49D4-AC75-85E6423DA841}.Debug|Any CPU.ActiveCfg = Debug|Any CPU
		{8D25BD68-96EF-49D4-AC75-85E6423DA841}.Debug|Any CPU.Build.0 = Debug|Any CPU
		{8D25BD68-96EF-49D4-AC75-85E6423DA841}.Release|Any CPU.ActiveCfg = Release|Any CPU
		{8D25BD68-96EF-49D4-AC75-85E6423DA841}.Release|Any CPU.Build.0 = Release|Any CPU
	EndGlobalSection
	GlobalSection(SolutionProperties) = preSolution
		HideSolutionNode = FALSE
	EndGlobalSection
	GlobalSection(ExtensibilityGlobals) = postSolution
		SolutionGuid = {B50828FC-37F9-405C-9CBB-5B46E1CFB5B7}
	EndGlobalSection
EndGlobal
